
Microsoft Visual Studio Solution File, Format Version 12.00
# Visual Studio 15
VisualStudioVersion = 15.0.28307.421
MinimumVisualStudioVersion = 10.0.40219.1
Project("{FAE04EC0-301F-11D3-BF4B-00C04F79EFBC}") = "XmlEditorDesigner", "XmlEditorDesigner\XmlEditorDesigner.csproj", "{416B01C8-6E99-40A2-81D6-2F67B259C19E}"
EndProject
Global
	GlobalSection(SolutionConfigurationPlatforms) = preSolution
		Debug|Any CPU = Debug|Any CPU
		Debug|Application = Debug|Application
		Release|Any CPU = Release|Any CPU
		Release|Application = Release|Application
	EndGlobalSection
	GlobalSection(ProjectConfigurationPlatforms) = postSolution
		{416B01C8-6E99-40A2-81D6-2F67B259C19E}.Debug|Any CPU.ActiveCfg = Debug|Any CPU
		{416B01C8-6E99-40A2-81D6-2F67B259C19E}.Debug|Any CPU.Build.0 = Debug|Any CPU
		{416B01C8-6E99-40A2-81D6-2F67B259C19E}.Debug|Application.ActiveCfg = Debug|Any CPU
		{416B01C8-6E99-40A2-81D6-2F67B259C19E}.Debug|Application.Build.0 = Debug|Any CPU
		{416B01C8-6E99-40A2-81D6-2F67B259C19E}.Release|Any CPU.ActiveCfg = Release|Any CPU
		{416B01C8-6E99-40A2-81D6-2F67B259C19E}.Release|Any CPU.Build.0 = Release|Any CPU
		{416B01C8-6E99-40A2-81D6-2F67B259C19E}.Release|Application.ActiveCfg = Release|Any CPU
		{416B01C8-6E99-40A2-81D6-2F67B259C19E}.Release|Application.Build.0 = Release|Any CPU
	EndGlobalSection
	GlobalSection(SolutionProperties) = preSolution
		HideSolutionNode = FALSE
	EndGlobalSection
	GlobalSection(ExtensibilityGlobals) = postSolution
		SolutionGuid = {E7FBB904-49E0-4BB1-BC88-691AC437E676}
	EndGlobalSection
EndGlobal
